
Microsoft Visual Studio Solution File, Format Version 12.00
# Visual Studio Version 17
VisualStudioVersion = 17.0.32112.339
MinimumVisualStudioVersion = 10.0.40219.1
Project("{FAE04EC0-301F-11D3-BF4B-00C04F79EFBC}") = "Digibox.Api", "Digibox.Api\Digibox.Api.csproj", "{AA7F2CFE-4A54-46A4-95AA-E4927DC3B8D2}"
EndProject
Project("{2150E333-8FDC-42A3-9474-1A3956D46DE8}") = "src", "src", "{8EB3A0CD-5068-45FC-9A8F-A908D5F05D93}"
EndProject
Project("{2150E333-8FDC-42A3-9474-1A3956D46DE8}") = "docs", "docs", "{35B0DED4-BE93-44AF-B1C8-01049ADE5F95}"
EndProject
Project("{2150E333-8FDC-42A3-9474-1A3956D46DE8}") = "core", "core", "{11F77FB2-758C-4A97-A3B1-7584365D59FF}"
EndProject
Project("{2150E333-8FDC-42A3-9474-1A3956D46DE8}") = "api", "api", "{6041B6FA-24FA-4962-A82B-DB1DDAA0E022}"
EndProject
Project("{2150E333-8FDC-42A3-9474-1A3956D46DE8}") = "NewFolder1", "NewFolder1", "{8250818F-54E1-4E00-9EA7-8419423E200C}"
EndProject
Global
	GlobalSection(SolutionConfigurationPlatforms) = preSolution
		Debug|Any CPU = Debug|Any CPU
		Release|Any CPU = Release|Any CPU
	EndGlobalSection
	GlobalSection(ProjectConfigurationPlatforms) = postSolution
		{AA7F2CFE-4A54-46A4-95AA-E4927DC3B8D2}.Debug|Any CPU.ActiveCfg = Debug|Any CPU
		{AA7F2CFE-4A54-46A4-95AA-E4927DC3B8D2}.Debug|Any CPU.Build.0 = Debug|Any CPU
		{AA7F2CFE-4A54-46A4-95AA-E4927DC3B8D2}.Release|Any CPU.ActiveCfg = Release|Any CPU
		{AA7F2CFE-4A54-46A4-95AA-E4927DC3B8D2}.Release|Any CPU.Build.0 = Release|Any CPU
	EndGlobalSection
	GlobalSection(SolutionProperties) = preSolution
		HideSolutionNode = FALSE
	EndGlobalSection
	GlobalSection(NestedProjects) = preSolution
		{11F77FB2-758C-4A97-A3B1-7584365D59FF} = {8EB3A0CD-5068-45FC-9A8F-A908D5F05D93}
		{6041B6FA-24FA-4962-A82B-DB1DDAA0E022} = {8EB3A0CD-5068-45FC-9A8F-A908D5F05D93}
		{8250818F-54E1-4E00-9EA7-8419423E200C} = {8EB3A0CD-5068-45FC-9A8F-A908D5F05D93}
	EndGlobalSection
	GlobalSection(ExtensibilityGlobals) = postSolution
		SolutionGuid = {4F922424-9D44-42E0-BCF5-D09211B09822}
	EndGlobalSection
EndGlobal
